// !$*UTF8*$!
{
	archiveVersion = 1;
	classes = {
	};
	objectVersion = 46;
	objects = {

/* Begin PBXBuildFile section */
		9309755A141270FC001159C4 /* Rubber Spotlight Importer.mdimporter in CopyFiles */ = {isa = PBXBuildFile; fileRef = 937D6656140F393D00BBDC6A /* Rubber Spotlight Importer.mdimporter */; };
		9309755C141273B3001159C4 /* schema.xml in Resources */ = {isa = PBXBuildFile; fileRef = 9309755B141273B3001159C4 /* schema.xml */; };
		93152A411406B1AD003E18DA /* ADCodePopoverViewController.m in Sources */ = {isa = PBXBuildFile; fileRef = 93152A3F1406B1AD003E18DA /* ADCodePopoverViewController.m */; };
		93152A421406B1AD003E18DA /* ADCodePopoverViewController.xib in Resources */ = {isa = PBXBuildFile; fileRef = 93152A401406B1AD003E18DA /* ADCodePopoverViewController.xib */; };
		9329E1441406787E00CB54EE /* InfoPlist.strings in Resources */ = {isa = PBXBuildFile; fileRef = 9329E1421406787E00CB54EE /* InfoPlist.strings */; };
		9329E1471406787E00CB54EE /* main.c in Sources */ = {isa = PBXBuildFile; fileRef = 9329E1461406787E00CB54EE /* main.c */; };
		9329E14D1406792700CB54EE /* stuffediggy.coderunner.xpc in CopyFiles */ = {isa = PBXBuildFile; fileRef = 9329E13E1406787E00CB54EE /* stuffediggy.coderunner.xpc */; };
		9329E14F1406796400CB54EE /* coderunner.entitlements in Resources */ = {isa = PBXBuildFile; fileRef = 9329E14E1406796400CB54EE /* coderunner.entitlements */; };
		933EF8B0125BEC2F00845394 /* ADTextAttachment.m in Sources */ = {isa = PBXBuildFile; fileRef = 933EF8AF125BEC2F00845394 /* ADTextAttachment.m */; };
		933EF8E5125C113000845394 /* ADTextMungingController.m in Sources */ = {isa = PBXBuildFile; fileRef = 933EF8E4125C113000845394 /* ADTextMungingController.m */; };
		93466DA513F57A56008DEA3B /* ADTextView.m in Sources */ = {isa = PBXBuildFile; fileRef = 93466DA413F57A56008DEA3B /* ADTextView.m */; };
		9347F939140F14A800CC1AC3 /* QuickLook.framework in Frameworks */ = {isa = PBXBuildFile; fileRef = 9347F938140F14A800CC1AC3 /* QuickLook.framework */; };
		9347F945140F14A800CC1AC3 /* InfoPlist.strings in Resources */ = {isa = PBXBuildFile; fileRef = 9347F943140F14A800CC1AC3 /* InfoPlist.strings */; };
		9347F947140F14A800CC1AC3 /* GenerateThumbnailForURL.c in Sources */ = {isa = PBXBuildFile; fileRef = 9347F946140F14A800CC1AC3 /* GenerateThumbnailForURL.c */; };
		9347F949140F14A800CC1AC3 /* GeneratePreviewForURL.c in Sources */ = {isa = PBXBuildFile; fileRef = 9347F948140F14A800CC1AC3 /* GeneratePreviewForURL.c */; };
		9347F94B140F14A800CC1AC3 /* main.c in Sources */ = {isa = PBXBuildFile; fileRef = 9347F94A140F14A800CC1AC3 /* main.c */; };
		9347F951140F1D6500CC1AC3 /* Rubber Quicklook Plugin.qlgenerator in CopyFiles */ = {isa = PBXBuildFile; fileRef = 9347F937140F14A800CC1AC3 /* Rubber Quicklook Plugin.qlgenerator */; };
		934CFF8414055AE000C24AFF /* InfoPlist.strings in Resources */ = {isa = PBXBuildFile; fileRef = 934CFF8214055AE000C24AFF /* InfoPlist.strings */; };
		934CFF8714055AE000C24AFF /* main.c in Sources */ = {isa = PBXBuildFile; fileRef = 934CFF8614055AE000C24AFF /* main.c */; };
		934CFF8C14055BB200C24AFF /* hilite.entitlements in Resources */ = {isa = PBXBuildFile; fileRef = 934CFF8B14055BB200C24AFF /* hilite.entitlements */; };
		934CFF8E14055C6100C24AFF /* style.css in Resources */ = {isa = PBXBuildFile; fileRef = 934CFF8D14055C6100C24AFF /* style.css */; };
		934CFF9014055C6E00C24AFF /* data in Resources */ = {isa = PBXBuildFile; fileRef = 934CFF8F14055C6E00C24AFF /* data */; };
		934CFF9214055CFD00C24AFF /* stuffediggy.hilite.xpc in CopyFiles */ = {isa = PBXBuildFile; fileRef = 934CFF7E14055AE000C24AFF /* stuffediggy.hilite.xpc */; };
		934CFF931405610200C24AFF /* libsource-highlight.a in Frameworks */ = {isa = PBXBuildFile; fileRef = 938F2E7613FB3CA9000023AB /* libsource-highlight.a */; };
		937A641E1256A2E900B0D4AC /* ADEquationRenderer.m in Sources */ = {isa = PBXBuildFile; fileRef = 937A641D1256A2E900B0D4AC /* ADEquationRenderer.m */; };
		937A64481256AA4E00B0D4AC /* ASCIIMathML.js in Resources */ = {isa = PBXBuildFile; fileRef = 937A641F1256A80A00B0D4AC /* ASCIIMathML.js */; };
		937D6651140F313800BBDC6A /* ADTextAttachment.m in Sources */ = {isa = PBXBuildFile; fileRef = 933EF8AF125BEC2F00845394 /* ADTextAttachment.m */; };
		937D6662140F393D00BBDC6A /* InfoPlist.strings in Resources */ = {isa = PBXBuildFile; fileRef = 937D6660140F393D00BBDC6A /* InfoPlist.strings */; };
		937D6664140F393D00BBDC6A /* main.c in Sources */ = {isa = PBXBuildFile; fileRef = 937D6663140F393D00BBDC6A /* main.c */; };
		937D6666140F393D00BBDC6A /* GetMetadataForFile.m in Sources */ = {isa = PBXBuildFile; fileRef = 937D6665140F393D00BBDC6A /* GetMetadataForFile.m */; };
		9380C4DC14FF12D5005E8D55 /* libboost_regex-mt.a in Frameworks */ = {isa = PBXBuildFile; fileRef = 9380C4DB14FF12D5005E8D55 /* libboost_regex-mt.a */; };
		93A346C2140168C500159929 /* WebKit.framework in Frameworks */ = {isa = PBXBuildFile; fileRef = 93A346C1140168C400159929 /* WebKit.framework */; };
		93ADF7BC1412AC6800D4B5DD /* ADTextAttachment.m in Sources */ = {isa = PBXBuildFile; fileRef = 933EF8AF125BEC2F00845394 /* ADTextAttachment.m */; };
		93ADF7C11412AD6400D4B5DD /* AppKit.framework in Frameworks */ = {isa = PBXBuildFile; fileRef = 93ADF7BF1412AD5900D4B5DD /* AppKit.framework */; };
		93B3928913E75DD300FD29DD /* rubber.icns in Resources */ = {isa = PBXBuildFile; fileRef = 93B3928813E75DD300FD29DD /* rubber.icns */; };
		93B7C8DC1404126B004D19C4 /* ADCodeController.m in Sources */ = {isa = PBXBuildFile; fileRef = 93B7C8DB1404126B004D19C4 /* ADCodeController.m */; };
		93C1B8CC1253B3FE00E437E0 /* Cocoa.framework in Frameworks */ = {isa = PBXBuildFile; fileRef = 93C1B8CB1253B3FE00E437E0 /* Cocoa.framework */; };
		93C1B8D11253B3FE00E437E0 /* InfoPlist.strings in Resources */ = {isa = PBXBuildFile; fileRef = 93C1B8CF1253B3FE00E437E0 /* InfoPlist.strings */; };
		93C1B8D31253B3FE00E437E0 /* main.m in Sources */ = {isa = PBXBuildFile; fileRef = 93C1B8D21253B3FE00E437E0 /* main.m */; };
		93C1B8D61253B3FE00E437E0 /* MainMenu.xib in Resources */ = {isa = PBXBuildFile; fileRef = 93C1B8D41253B3FE00E437E0 /* MainMenu.xib */; };
		93C1B8D91253B3FE00E437E0 /* Credits.rtf in Resources */ = {isa = PBXBuildFile; fileRef = 93C1B8D71253B3FE00E437E0 /* Credits.rtf */; };
		93C1B8DC1253B3FE00E437E0 /* ADDocument.m in Sources */ = {isa = PBXBuildFile; fileRef = 93C1B8DB1253B3FE00E437E0 /* ADDocument.m */; };
		93C1B8DF1253B3FE00E437E0 /* ADDocument.xib in Resources */ = {isa = PBXBuildFile; fileRef = 93C1B8DD1253B3FE00E437E0 /* ADDocument.xib */; };
		93C1B8EC1253B50200E437E0 /* ADDocumentView.m in Sources */ = {isa = PBXBuildFile; fileRef = 93C1B8EB1253B50200E437E0 /* ADDocumentView.m */; };
		93DB911512624FF100A1ECA0 /* QuartzCore.framework in Frameworks */ = {isa = PBXBuildFile; fileRef = 93DB911412624FF100A1ECA0 /* QuartzCore.framework */; };
		93E71EFB1435120B0013D3B4 /* DocumentIcon.icns in Resources */ = {isa = PBXBuildFile; fileRef = 93E71EFA1435120B0013D3B4 /* DocumentIcon.icns */; };
/* End PBXBuildFile section */

/* Begin PBXCopyFilesBuildPhase section */
		93097559141270E7001159C4 /* CopyFiles */ = {
			isa = PBXCopyFilesBuildPhase;
			buildActionMask = 12;
			dstPath = Contents/Library/Spotlight;
			dstSubfolderSpec = 1;
			files = (
				9309755A141270FC001159C4 /* Rubber Spotlight Importer.mdimporter in CopyFiles */,
			);
			runOnlyForDeploymentPostprocessing = 0;
		};
		9347F950140F1D5500CC1AC3 /* CopyFiles */ = {
			isa = PBXCopyFilesBuildPhase;
			buildActionMask = 12;
			dstPath = Contents/Library/QuickLook;
			dstSubfolderSpec = 1;
			files = (
				9347F951140F1D6500CC1AC3 /* Rubber Quicklook Plugin.qlgenerator in CopyFiles */,
			);
			runOnlyForDeploymentPostprocessing = 0;
		};
		934CFF9114055CDC00C24AFF /* CopyFiles */ = {
			isa = PBXCopyFilesBuildPhase;
			buildActionMask = 12;
			dstPath = Contents/XPCServices;
			dstSubfolderSpec = 1;
			files = (
				934CFF9214055CFD00C24AFF /* stuffediggy.hilite.xpc in CopyFiles */,
				9329E14D1406792700CB54EE /* stuffediggy.coderunner.xpc in CopyFiles */,
			);
			runOnlyForDeploymentPostprocessing = 0;
		};
/* End PBXCopyFilesBuildPhase section */

/* Begin PBXFileReference section */
		9309755B141273B3001159C4 /* schema.xml */ = {isa = PBXFileReference; fileEncoding = 4; lastKnownFileType = text.xml; path = schema.xml; sourceTree = "<group>"; };
		93152A3E1406B1AD003E18DA /* ADCodePopoverViewController.h */ = {isa = PBXFileReference; fileEncoding = 4; lastKnownFileType = sourcecode.c.h; path = ADCodePopoverViewController.h; sourceTree = "<group>"; };
		93152A3F1406B1AD003E18DA /* ADCodePopoverViewController.m */ = {isa = PBXFileReference; fileEncoding = 4; lastKnownFileType = sourcecode.c.objc; path = ADCodePopoverViewController.m; sourceTree = "<group>"; };
		93152A401406B1AD003E18DA /* ADCodePopoverViewController.xib */ = {isa = PBXFileReference; fileEncoding = 4; lastKnownFileType = file.xib; name = ADCodePopoverViewController.xib; path = Classes/ADCodePopoverViewController.xib; sourceTree = "<group>"; };
		931A60CE13F30471002737FD /* sourcehighlight.h */ = {isa = PBXFileReference; explicitFileType = sourcecode.cpp.h; fileEncoding = 4; path = sourcehighlight.h; sourceTree = "<group>"; };
		931A60CF13F30482002737FD /* langmap.h */ = {isa = PBXFileReference; fileEncoding = 4; lastKnownFileType = sourcecode.c.h; path = langmap.h; sourceTree = "<group>"; };
		931A60D013F3095D002737FD /* textstyleformattercollection.h */ = {isa = PBXFileReference; explicitFileType = sourcecode.cpp.h; fileEncoding = 4; path = textstyleformattercollection.h; sourceTree = "<group>"; };
		9329E13E1406787E00CB54EE /* stuffediggy.coderunner.xpc */ = {isa = PBXFileReference; explicitFileType = wrapper.cfbundle; includeInIndex = 0; path = stuffediggy.coderunner.xpc; sourceTree = BUILT_PRODUCTS_DIR; };
		9329E1411406787E00CB54EE /* coderunner-Info.plist */ = {isa = PBXFileReference; lastKnownFileType = text.plist.xml; path = "coderunner-Info.plist"; sourceTree = "<group>"; };
		9329E1431406787E00CB54EE /* en */ = {isa = PBXFileReference; lastKnownFileType = text.plist.strings; name = en; path = en.lproj/InfoPlist.strings; sourceTree = "<group>"; };
		9329E1451406787E00CB54EE /* coderunner-Prefix.pch */ = {isa = PBXFileReference; lastKnownFileType = sourcecode.c.h; path = "coderunner-Prefix.pch"; sourceTree = "<group>"; };
		9329E1461406787E00CB54EE /* main.c */ = {isa = PBXFileReference; explicitFileType = sourcecode.c.objc; path = main.c; sourceTree = "<group>"; };
		9329E14E1406796400CB54EE /* coderunner.entitlements */ = {isa = PBXFileReference; fileEncoding = 4; lastKnownFileType = text.xml; path = coderunner.entitlements; sourceTree = SOURCE_ROOT; };
		933EF8AE125BEC2F00845394 /* ADTextAttachment.h */ = {isa = PBXFileReference; fileEncoding = 4; lastKnownFileType = sourcecode.c.h; path = ADTextAttachment.h; sourceTree = "<group>"; };
		933EF8AF125BEC2F00845394 /* ADTextAttachment.m */ = {isa = PBXFileReference; fileEncoding = 4; lastKnownFileType = sourcecode.c.objc; path = ADTextAttachment.m; sourceTree = "<group>"; };
		933EF8E3125C113000845394 /* ADTextMungingController.h */ = {isa = PBXFileReference; fileEncoding = 4; lastKnownFileType = sourcecode.c.h; path = ADTextMungingController.h; sourceTree = "<group>"; };
		933EF8E4125C113000845394 /* ADTextMungingController.m */ = {isa = PBXFileReference; fileEncoding = 4; lastKnownFileType = sourcecode.c.objc; path = ADTextMungingController.m; sourceTree = "<group>"; };
		93466DA313F57A56008DEA3B /* ADTextView.h */ = {isa = PBXFileReference; fileEncoding = 4; lastKnownFileType = sourcecode.c.h; path = ADTextView.h; sourceTree = "<group>"; };
		93466DA413F57A56008DEA3B /* ADTextView.m */ = {isa = PBXFileReference; fileEncoding = 4; lastKnownFileType = sourcecode.c.objc; path = ADTextView.m; sourceTree = "<group>"; };
		9347F937140F14A800CC1AC3 /* Rubber Quicklook Plugin.qlgenerator */ = {isa = PBXFileReference; explicitFileType = wrapper.cfbundle; includeInIndex = 0; path = "Rubber Quicklook Plugin.qlgenerator"; sourceTree = BUILT_PRODUCTS_DIR; };
		9347F938140F14A800CC1AC3 /* QuickLook.framework */ = {isa = PBXFileReference; lastKnownFileType = wrapper.framework; name = QuickLook.framework; path = System/Library/Frameworks/QuickLook.framework; sourceTree = SDKROOT; };
		9347F942140F14A800CC1AC3 /* Rubber Quicklook Plugin-Info.plist */ = {isa = PBXFileReference; lastKnownFileType = text.plist.xml; path = "Rubber Quicklook Plugin-Info.plist"; sourceTree = "<group>"; };
		9347F944140F14A800CC1AC3 /* en */ = {isa = PBXFileReference; lastKnownFileType = text.plist.strings; name = en; path = en.lproj/InfoPlist.strings; sourceTree = "<group>"; };
		9347F946140F14A800CC1AC3 /* GenerateThumbnailForURL.c */ = {isa = PBXFileReference; explicitFileType = sourcecode.c.objc; path = GenerateThumbnailForURL.c; sourceTree = "<group>"; };
		9347F948140F14A800CC1AC3 /* GeneratePreviewForURL.c */ = {isa = PBXFileReference; explicitFileType = sourcecode.c.objc; path = GeneratePreviewForURL.c; sourceTree = "<group>"; };
		9347F94A140F14A800CC1AC3 /* main.c */ = {isa = PBXFileReference; lastKnownFileType = sourcecode.c.c; path = main.c; sourceTree = "<group>"; };
		9347F94C140F14A800CC1AC3 /* Rubber Quicklook Plugin-Prefix.pch */ = {isa = PBXFileReference; lastKnownFileType = sourcecode.c.h; path = "Rubber Quicklook Plugin-Prefix.pch"; sourceTree = "<group>"; };
		934CFF7E14055AE000C24AFF /* stuffediggy.hilite.xpc */ = {isa = PBXFileReference; explicitFileType = wrapper.cfbundle; includeInIndex = 0; path = stuffediggy.hilite.xpc; sourceTree = BUILT_PRODUCTS_DIR; };
		934CFF8114055AE000C24AFF /* hilite-Info.plist */ = {isa = PBXFileReference; lastKnownFileType = text.plist.xml; path = "hilite-Info.plist"; sourceTree = "<group>"; };
		934CFF8314055AE000C24AFF /* en */ = {isa = PBXFileReference; lastKnownFileType = text.plist.strings; name = en; path = en.lproj/InfoPlist.strings; sourceTree = "<group>"; };
		934CFF8514055AE000C24AFF /* hilite-Prefix.pch */ = {isa = PBXFileReference; lastKnownFileType = sourcecode.c.h; path = "hilite-Prefix.pch"; sourceTree = "<group>"; };
		934CFF8614055AE000C24AFF /* main.c */ = {isa = PBXFileReference; explicitFileType = sourcecode.cpp.objcpp; path = main.c; sourceTree = "<group>"; };
		934CFF8B14055BB200C24AFF /* hilite.entitlements */ = {isa = PBXFileReference; fileEncoding = 4; lastKnownFileType = text.xml; path = hilite.entitlements; sourceTree = "<group>"; };
		934CFF8D14055C6100C24AFF /* style.css */ = {isa = PBXFileReference; fileEncoding = 4; lastKnownFileType = text.css; path = style.css; sourceTree = "<group>"; };
		934CFF8F14055C6E00C24AFF /* data */ = {isa = PBXFileReference; lastKnownFileType = folder; path = data; sourceTree = "<group>"; };
		937A641C1256A2E900B0D4AC /* ADEquationRenderer.h */ = {isa = PBXFileReference; fileEncoding = 4; lastKnownFileType = sourcecode.c.h; path = ADEquationRenderer.h; sourceTree = "<group>"; };
		937A641D1256A2E900B0D4AC /* ADEquationRenderer.m */ = {isa = PBXFileReference; fileEncoding = 4; lastKnownFileType = sourcecode.c.objc; path = ADEquationRenderer.m; sourceTree = "<group>"; };
		937A641F1256A80A00B0D4AC /* ASCIIMathML.js */ = {isa = PBXFileReference; fileEncoding = 4; lastKnownFileType = sourcecode.javascript; path = ASCIIMathML.js; sourceTree = "<group>"; };
		937D6656140F393D00BBDC6A /* Rubber Spotlight Importer.mdimporter */ = {isa = PBXFileReference; explicitFileType = wrapper.cfbundle; includeInIndex = 0; path = "Rubber Spotlight Importer.mdimporter"; sourceTree = BUILT_PRODUCTS_DIR; };
		937D665F140F393D00BBDC6A /* Rubber Spotlight Importer-Info.plist */ = {isa = PBXFileReference; lastKnownFileType = text.plist.xml; path = "Rubber Spotlight Importer-Info.plist"; sourceTree = "<group>"; };
		937D6661140F393D00BBDC6A /* en */ = {isa = PBXFileReference; lastKnownFileType = text.plist.strings; name = en; path = en.lproj/InfoPlist.strings; sourceTree = "<group>"; };
		937D6663140F393D00BBDC6A /* main.c */ = {isa = PBXFileReference; lastKnownFileType = sourcecode.c.c; path = main.c; sourceTree = "<group>"; };
		937D6665140F393D00BBDC6A /* GetMetadataForFile.m */ = {isa = PBXFileReference; lastKnownFileType = sourcecode.c.objc; path = GetMetadataForFile.m; sourceTree = "<group>"; };
		937D666B140F393D00BBDC6A /* Rubber Spotlight Importer-Prefix.pch */ = {isa = PBXFileReference; lastKnownFileType = sourcecode.c.h; path = "Rubber Spotlight Importer-Prefix.pch"; sourceTree = "<group>"; };
		9380C4DB14FF12D5005E8D55 /* libboost_regex-mt.a */ = {isa = PBXFileReference; lastKnownFileType = archive.ar; path = "libboost_regex-mt.a"; sourceTree = "<group>"; };
		938F2E7313FB2A35000023AB /* Rubber.entitlements */ = {isa = PBXFileReference; lastKnownFileType = text.xml; path = Rubber.entitlements; sourceTree = "<group>"; };
		938F2E7613FB3CA9000023AB /* libsource-highlight.a */ = {isa = PBXFileReference; lastKnownFileType = archive.ar; path = "libsource-highlight.a"; sourceTree = "<group>"; };
		93A346C1140168C400159929 /* WebKit.framework */ = {isa = PBXFileReference; lastKnownFileType = wrapper.framework; name = WebKit.framework; path = System/Library/Frameworks/WebKit.framework; sourceTree = SDKROOT; };
		93ADF7BF1412AD5900D4B5DD /* AppKit.framework */ = {isa = PBXFileReference; lastKnownFileType = wrapper.framework; name = AppKit.framework; path = System/Library/Frameworks/AppKit.framework; sourceTree = SDKROOT; };
		93B3928813E75DD300FD29DD /* rubber.icns */ = {isa = PBXFileReference; lastKnownFileType = image.icns; path = rubber.icns; sourceTree = "<group>"; };
		93B7C8DA1404126B004D19C4 /* ADCodeController.h */ = {isa = PBXFileReference; fileEncoding = 4; lastKnownFileType = sourcecode.c.h; path = ADCodeController.h; sourceTree = "<group>"; };
		93B7C8DB1404126B004D19C4 /* ADCodeController.m */ = {isa = PBXFileReference; explicitFileType = sourcecode.cpp.objcpp; fileEncoding = 4; path = ADCodeController.m; sourceTree = "<group>"; };
		93C1B8C81253B3FE00E437E0 /* Rubber.app */ = {isa = PBXFileReference; explicitFileType = wrapper.application; includeInIndex = 0; path = Rubber.app; sourceTree = BUILT_PRODUCTS_DIR; };
		93C1B8CB1253B3FE00E437E0 /* Cocoa.framework */ = {isa = PBXFileReference; lastKnownFileType = wrapper.framework; name = Cocoa.framework; path = System/Library/Frameworks/Cocoa.framework; sourceTree = SDKROOT; };
		93C1B8CD1253B3FE00E437E0 /* Rubber-Info.plist */ = {isa = PBXFileReference; lastKnownFileType = text.plist.xml; path = "Rubber-Info.plist"; sourceTree = "<group>"; };
		93C1B8CE1253B3FE00E437E0 /* Rubber_Prefix.pch */ = {isa = PBXFileReference; lastKnownFileType = sourcecode.c.h; path = Rubber_Prefix.pch; sourceTree = "<group>"; };
		93C1B8D01253B3FE00E437E0 /* en */ = {isa = PBXFileReference; lastKnownFileType = text.plist.strings; name = en; path = en.lproj/InfoPlist.strings; sourceTree = "<group>"; };
		93C1B8D21253B3FE00E437E0 /* main.m */ = {isa = PBXFileReference; lastKnownFileType = sourcecode.c.objc; path = main.m; sourceTree = "<group>"; };
		93C1B8D51253B3FE00E437E0 /* en */ = {isa = PBXFileReference; lastKnownFileType = file.xib; name = en; path = en.lproj/MainMenu.xib; sourceTree = "<group>"; };
		93C1B8D81253B3FE00E437E0 /* en */ = {isa = PBXFileReference; lastKnownFileType = text.rtf; name = en; path = en.lproj/Credits.rtf; sourceTree = "<group>"; };
		93C1B8DA1253B3FE00E437E0 /* ADDocument.h */ = {isa = PBXFileReference; lastKnownFileType = sourcecode.c.h; path = ADDocument.h; sourceTree = "<group>"; };
		93C1B8DB1253B3FE00E437E0 /* ADDocument.m */ = {isa = PBXFileReference; lastKnownFileType = sourcecode.c.objc; path = ADDocument.m; sourceTree = "<group>"; };
		93C1B8DE1253B3FE00E437E0 /* en */ = {isa = PBXFileReference; lastKnownFileType = file.xib; name = en; path = en.lproj/ADDocument.xib; sourceTree = "<group>"; };
		93C1B8EA1253B50200E437E0 /* ADDocumentView.h */ = {isa = PBXFileReference; fileEncoding = 4; lastKnownFileType = sourcecode.c.h; path = ADDocumentView.h; sourceTree = "<group>"; };
		93C1B8EB1253B50200E437E0 /* ADDocumentView.m */ = {isa = PBXFileReference; fileEncoding = 4; lastKnownFileType = sourcecode.c.objc; path = ADDocumentView.m; sourceTree = "<group>"; };
		93DB911412624FF100A1ECA0 /* QuartzCore.framework */ = {isa = PBXFileReference; lastKnownFileType = wrapper.framework; name = QuartzCore.framework; path = /System/Library/Frameworks/QuartzCore.framework; sourceTree = "<absolute>"; };
		93E71EFA1435120B0013D3B4 /* DocumentIcon.icns */ = {isa = PBXFileReference; lastKnownFileType = image.icns; path = DocumentIcon.icns; sourceTree = "<group>"; };
/* End PBXFileReference section */

/* Begin PBXFrameworksBuildPhase section */
		9329E13B1406787E00CB54EE /* Frameworks */ = {
			isa = PBXFrameworksBuildPhase;
			buildActionMask = 2147483647;
			files = (
			);
			runOnlyForDeploymentPostprocessing = 0;
		};
		9347F932140F14A800CC1AC3 /* Frameworks */ = {
			isa = PBXFrameworksBuildPhase;
			buildActionMask = 2147483647;
			files = (
				9347F939140F14A800CC1AC3 /* QuickLook.framework in Frameworks */,
			);
			runOnlyForDeploymentPostprocessing = 0;
		};
		934CFF7B14055AE000C24AFF /* Frameworks */ = {
			isa = PBXFrameworksBuildPhase;
			buildActionMask = 2147483647;
			files = (
				934CFF931405610200C24AFF /* libsource-highlight.a in Frameworks */,
				9380C4DC14FF12D5005E8D55 /* libboost_regex-mt.a in Frameworks */,
			);
			runOnlyForDeploymentPostprocessing = 0;
		};
		937D6653140F393D00BBDC6A /* Frameworks */ = {
			isa = PBXFrameworksBuildPhase;
			buildActionMask = 2147483647;
			files = (
				93ADF7C11412AD6400D4B5DD /* AppKit.framework in Frameworks */,
			);
			runOnlyForDeploymentPostprocessing = 0;
		};
		93C1B8C51253B3FE00E437E0 /* Frameworks */ = {
			isa = PBXFrameworksBuildPhase;
			buildActionMask = 2147483647;
			files = (
				93A346C2140168C500159929 /* WebKit.framework in Frameworks */,
				93C1B8CC1253B3FE00E437E0 /* Cocoa.framework in Frameworks */,
				93DB911512624FF100A1ECA0 /* QuartzCore.framework in Frameworks */,
			);
			runOnlyForDeploymentPostprocessing = 0;
		};
/* End PBXFrameworksBuildPhase section */

/* Begin PBXGroup section */
		9329E13F1406787E00CB54EE /* coderunner */ = {
			isa = PBXGroup;
			children = (
				9329E1461406787E00CB54EE /* main.c */,
				9329E1401406787E00CB54EE /* Supporting Files */,
			);
			path = coderunner;
			sourceTree = "<group>";
		};
		9329E1401406787E00CB54EE /* Supporting Files */ = {
			isa = PBXGroup;
			children = (
				9329E14E1406796400CB54EE /* coderunner.entitlements */,
				9329E1411406787E00CB54EE /* coderunner-Info.plist */,
				9329E1421406787E00CB54EE /* InfoPlist.strings */,
				9329E1451406787E00CB54EE /* coderunner-Prefix.pch */,
			);
			name = "Supporting Files";
			sourceTree = "<group>";
		};
		9347F940140F14A800CC1AC3 /* Quick Look Generator */ = {
			isa = PBXGroup;
			children = (
				9347F946140F14A800CC1AC3 /* GenerateThumbnailForURL.c */,
				9347F948140F14A800CC1AC3 /* GeneratePreviewForURL.c */,
				9347F94A140F14A800CC1AC3 /* main.c */,
				9347F941140F14A800CC1AC3 /* Supporting Files */,
			);
			name = "Quick Look Generator";
			path = "Rubber Quicklook Plugin";
			sourceTree = "<group>";
		};
		9347F941140F14A800CC1AC3 /* Supporting Files */ = {
			isa = PBXGroup;
			children = (
				9347F942140F14A800CC1AC3 /* Rubber Quicklook Plugin-Info.plist */,
				9347F943140F14A800CC1AC3 /* InfoPlist.strings */,
				9347F94C140F14A800CC1AC3 /* Rubber Quicklook Plugin-Prefix.pch */,
			);
			name = "Supporting Files";
			sourceTree = "<group>";
		};
		934CFF7F14055AE000C24AFF /* hilite */ = {
			isa = PBXGroup;
			children = (
				934CFF8614055AE000C24AFF /* main.c */,
				93A346C314018A9900159929 /* libsource-highlight Headers */,
				934CFF8014055AE000C24AFF /* Supporting Files */,
			);
			path = hilite;
			sourceTree = "<group>";
		};
		934CFF8014055AE000C24AFF /* Supporting Files */ = {
			isa = PBXGroup;
			children = (
				934CFF8B14055BB200C24AFF /* hilite.entitlements */,
				934CFF8F14055C6E00C24AFF /* data */,
				934CFF8D14055C6100C24AFF /* style.css */,
				934CFF8114055AE000C24AFF /* hilite-Info.plist */,
				934CFF8214055AE000C24AFF /* InfoPlist.strings */,
				934CFF8514055AE000C24AFF /* hilite-Prefix.pch */,
			);
			name = "Supporting Files";
			sourceTree = "<group>";
		};
		937D665D140F393D00BBDC6A /* Spotlight Importer */ = {
			isa = PBXGroup;
			children = (
				937D6665140F393D00BBDC6A /* GetMetadataForFile.m */,
				937D665E140F393D00BBDC6A /* Supporting Files */,
			);
			name = "Spotlight Importer";
			path = "Rubber Spotlight Importer";
			sourceTree = "<group>";
		};
		937D665E140F393D00BBDC6A /* Supporting Files */ = {
			isa = PBXGroup;
			children = (
				937D665F140F393D00BBDC6A /* Rubber Spotlight Importer-Info.plist */,
				937D6660140F393D00BBDC6A /* InfoPlist.strings */,
				937D6663140F393D00BBDC6A /* main.c */,
				937D666B140F393D00BBDC6A /* Rubber Spotlight Importer-Prefix.pch */,
				9309755B141273B3001159C4 /* schema.xml */,
			);
			name = "Supporting Files";
			sourceTree = "<group>";
		};
		93A346C314018A9900159929 /* libsource-highlight Headers */ = {
			isa = PBXGroup;
			children = (
				931A60CF13F30482002737FD /* langmap.h */,
				931A60CE13F30471002737FD /* sourcehighlight.h */,
				931A60D013F3095D002737FD /* textstyleformattercollection.h */,
			);
			name = "libsource-highlight Headers";
			path = ..;
			sourceTree = "<group>";
		};
		93C1B8B91253B3FE00E437E0 = {
			isa = PBXGroup;
			children = (
				93C1B8C01253B3FE00E437E0 /* Classes */,
				93C1B8C11253B3FE00E437E0 /* Other Sources */,
				93C1B8C21253B3FE00E437E0 /* Resources */,
				934CFF7F14055AE000C24AFF /* hilite */,
				9329E13F1406787E00CB54EE /* coderunner */,
				9347F940140F14A800CC1AC3 /* Quick Look Generator */,
				937D665D140F393D00BBDC6A /* Spotlight Importer */,
				93C1B8C31253B3FE00E437E0 /* Frameworks */,
				93C1B8C91253B3FE00E437E0 /* Products */,
			);
			sourceTree = "<group>";
		};
		93C1B8C01253B3FE00E437E0 /* Classes */ = {
			isa = PBXGroup;
			children = (
				93C1B8DA1253B3FE00E437E0 /* ADDocument.h */,
				93C1B8DB1253B3FE00E437E0 /* ADDocument.m */,
				93C1B8EA1253B50200E437E0 /* ADDocumentView.h */,
				93C1B8EB1253B50200E437E0 /* ADDocumentView.m */,
				937A641C1256A2E900B0D4AC /* ADEquationRenderer.h */,
				937A641D1256A2E900B0D4AC /* ADEquationRenderer.m */,
				933EF8AE125BEC2F00845394 /* ADTextAttachment.h */,
				933EF8AF125BEC2F00845394 /* ADTextAttachment.m */,
				933EF8E3125C113000845394 /* ADTextMungingController.h */,
				933EF8E4125C113000845394 /* ADTextMungingController.m */,
				93466DA313F57A56008DEA3B /* ADTextView.h */,
				93466DA413F57A56008DEA3B /* ADTextView.m */,
				93B7C8DA1404126B004D19C4 /* ADCodeController.h */,
				93B7C8DB1404126B004D19C4 /* ADCodeController.m */,
				93152A3E1406B1AD003E18DA /* ADCodePopoverViewController.h */,
				93152A3F1406B1AD003E18DA /* ADCodePopoverViewController.m */,
			);
			path = Classes;
			sourceTree = "<group>";
		};
		93C1B8C11253B3FE00E437E0 /* Other Sources */ = {
			isa = PBXGroup;
			children = (
				93C1B8CE1253B3FE00E437E0 /* Rubber_Prefix.pch */,
				93C1B8D21253B3FE00E437E0 /* main.m */,
			);
			name = "Other Sources";
			sourceTree = "<group>";
		};
		93C1B8C21253B3FE00E437E0 /* Resources */ = {
			isa = PBXGroup;
			children = (
				93E71EFA1435120B0013D3B4 /* DocumentIcon.icns */,
				93152A401406B1AD003E18DA /* ADCodePopoverViewController.xib */,
				938F2E7313FB2A35000023AB /* Rubber.entitlements */,
				93B3928813E75DD300FD29DD /* rubber.icns */,
				937A641F1256A80A00B0D4AC /* ASCIIMathML.js */,
				93C1B8CD1253B3FE00E437E0 /* Rubber-Info.plist */,
				93C1B8CF1253B3FE00E437E0 /* InfoPlist.strings */,
				93C1B8D41253B3FE00E437E0 /* MainMenu.xib */,
				93C1B8D71253B3FE00E437E0 /* Credits.rtf */,
				93C1B8DD1253B3FE00E437E0 /* ADDocument.xib */,
			);
			name = Resources;
			sourceTree = "<group>";
		};
		93C1B8C31253B3FE00E437E0 /* Frameworks */ = {
			isa = PBXGroup;
			children = (
				9380C4DB14FF12D5005E8D55 /* libboost_regex-mt.a */,
				938F2E7613FB3CA9000023AB /* libsource-highlight.a */,
				93ADF7BF1412AD5900D4B5DD /* AppKit.framework */,
				93A346C1140168C400159929 /* WebKit.framework */,
				93DB911412624FF100A1ECA0 /* QuartzCore.framework */,
				93C1B8CB1253B3FE00E437E0 /* Cocoa.framework */,
				9347F938140F14A800CC1AC3 /* QuickLook.framework */,
			);
			name = Frameworks;
			sourceTree = "<group>";
		};
		93C1B8C91253B3FE00E437E0 /* Products */ = {
			isa = PBXGroup;
			children = (
				93C1B8C81253B3FE00E437E0 /* Rubber.app */,
				934CFF7E14055AE000C24AFF /* stuffediggy.hilite.xpc */,
				9329E13E1406787E00CB54EE /* stuffediggy.coderunner.xpc */,
				9347F937140F14A800CC1AC3 /* Rubber Quicklook Plugin.qlgenerator */,
				937D6656140F393D00BBDC6A /* Rubber Spotlight Importer.mdimporter */,
			);
			name = Products;
			sourceTree = "<group>";
		};
/* End PBXGroup section */

/* Begin PBXHeadersBuildPhase section */
		9347F933140F14A800CC1AC3 /* Headers */ = {
			isa = PBXHeadersBuildPhase;
			buildActionMask = 2147483647;
			files = (
			);
			runOnlyForDeploymentPostprocessing = 0;
		};
/* End PBXHeadersBuildPhase section */

/* Begin PBXNativeTarget section */
		9329E13D1406787E00CB54EE /* coderunner */ = {
			isa = PBXNativeTarget;
			buildConfigurationList = 9329E14A1406787E00CB54EE /* Build configuration list for PBXNativeTarget "coderunner" */;
			buildPhases = (
				9329E13A1406787E00CB54EE /* Sources */,
				9329E13B1406787E00CB54EE /* Frameworks */,
				9329E13C1406787E00CB54EE /* Resources */,
			);
			buildRules = (
			);
			dependencies = (
			);
			name = coderunner;
			productName = coderunner;
			productReference = 9329E13E1406787E00CB54EE /* stuffediggy.coderunner.xpc */;
			productType = "com.apple.product-type.bundle";
		};
		9347F936140F14A800CC1AC3 /* Rubber Quicklook Plugin */ = {
			isa = PBXNativeTarget;
			buildConfigurationList = 9347F94F140F14A800CC1AC3 /* Build configuration list for PBXNativeTarget "Rubber Quicklook Plugin" */;
			buildPhases = (
				9347F931140F14A800CC1AC3 /* Sources */,
				9347F932140F14A800CC1AC3 /* Frameworks */,
				9347F933140F14A800CC1AC3 /* Headers */,
				9347F934140F14A800CC1AC3 /* Resources */,
				9347F935140F14A800CC1AC3 /* Rez */,
			);
			buildRules = (
			);
			dependencies = (
			);
			name = "Rubber Quicklook Plugin";
			productName = "Rubber Quicklook Plugin";
			productReference = 9347F937140F14A800CC1AC3 /* Rubber Quicklook Plugin.qlgenerator */;
			productType = "com.apple.product-type.bundle";
		};
		934CFF7D14055AE000C24AFF /* hilite */ = {
			isa = PBXNativeTarget;
			buildConfigurationList = 934CFF8A14055AE000C24AFF /* Build configuration list for PBXNativeTarget "hilite" */;
			buildPhases = (
				934CFF7A14055AE000C24AFF /* Sources */,
				934CFF7B14055AE000C24AFF /* Frameworks */,
				934CFF7C14055AE000C24AFF /* Resources */,
			);
			buildRules = (
			);
			dependencies = (
			);
			name = hilite;
			productName = hilite;
			productReference = 934CFF7E14055AE000C24AFF /* stuffediggy.hilite.xpc */;
			productType = "com.apple.product-type.bundle";
		};
		937D6655140F393D00BBDC6A /* Rubber Spotlight Importer */ = {
			isa = PBXNativeTarget;
			buildConfigurationList = 937D666C140F393D00BBDC6A /* Build configuration list for PBXNativeTarget "Rubber Spotlight Importer" */;
			buildPhases = (
				937D6652140F393D00BBDC6A /* Sources */,
				937D6653140F393D00BBDC6A /* Frameworks */,
				937D6654140F393D00BBDC6A /* Resources */,
			);
			buildRules = (
			);
			dependencies = (
			);
			name = "Rubber Spotlight Importer";
			productName = "Rubber Spotlight Importer";
			productReference = 937D6656140F393D00BBDC6A /* Rubber Spotlight Importer.mdimporter */;
			productType = "com.apple.product-type.bundle";
		};
		93C1B8C71253B3FE00E437E0 /* Rubber */ = {
			isa = PBXNativeTarget;
			buildConfigurationList = 93C1B8E21253B3FE00E437E0 /* Build configuration list for PBXNativeTarget "Rubber" */;
			buildPhases = (
				93C1B8C41253B3FE00E437E0 /* Sources */,
				93C1B8C51253B3FE00E437E0 /* Frameworks */,
				93C1B8C61253B3FE00E437E0 /* Resources */,
				934CFF9114055CDC00C24AFF /* CopyFiles */,
				9347F950140F1D5500CC1AC3 /* CopyFiles */,
				93097559141270E7001159C4 /* CopyFiles */,
			);
			buildRules = (
			);
			dependencies = (
			);
			name = Rubber;
			productName = Rubber;
			productReference = 93C1B8C81253B3FE00E437E0 /* Rubber.app */;
			productType = "com.apple.product-type.application";
		};
/* End PBXNativeTarget section */

/* Begin PBXProject section */
		93C1B8BB1253B3FE00E437E0 /* Project object */ = {
			isa = PBXProject;
			attributes = {
				LastUpgradeCheck = 0440;
			};
			buildConfigurationList = 93C1B8BE1253B3FE00E437E0 /* Build configuration list for PBXProject "Rubber" */;
			compatibilityVersion = "Xcode 3.2";
			developmentRegion = English;
			hasScannedForEncodings = 0;
			knownRegions = (
				en,
			);
			mainGroup = 93C1B8B91253B3FE00E437E0;
			productRefGroup = 93C1B8C91253B3FE00E437E0 /* Products */;
			projectDirPath = "";
			projectRoot = "";
			targets = (
				93C1B8C71253B3FE00E437E0 /* Rubber */,
				934CFF7D14055AE000C24AFF /* hilite */,
				9329E13D1406787E00CB54EE /* coderunner */,
				9347F936140F14A800CC1AC3 /* Rubber Quicklook Plugin */,
				937D6655140F393D00BBDC6A /* Rubber Spotlight Importer */,
			);
		};
/* End PBXProject section */

/* Begin PBXResourcesBuildPhase section */
		9329E13C1406787E00CB54EE /* Resources */ = {
			isa = PBXResourcesBuildPhase;
			buildActionMask = 2147483647;
			files = (
				9329E1441406787E00CB54EE /* InfoPlist.strings in Resources */,
				9329E14F1406796400CB54EE /* coderunner.entitlements in Resources */,
			);
			runOnlyForDeploymentPostprocessing = 0;
		};
		9347F934140F14A800CC1AC3 /* Resources */ = {
			isa = PBXResourcesBuildPhase;
			buildActionMask = 2147483647;
			files = (
				9347F945140F14A800CC1AC3 /* InfoPlist.strings in Resources */,
			);
			runOnlyForDeploymentPostprocessing = 0;
		};
		934CFF7C14055AE000C24AFF /* Resources */ = {
			isa = PBXResourcesBuildPhase;
			buildActionMask = 2147483647;
			files = (
				934CFF8414055AE000C24AFF /* InfoPlist.strings in Resources */,
				934CFF8C14055BB200C24AFF /* hilite.entitlements in Resources */,
				934CFF8E14055C6100C24AFF /* style.css in Resources */,
				934CFF9014055C6E00C24AFF /* data in Resources */,
			);
			runOnlyForDeploymentPostprocessing = 0;
		};
		937D6654140F393D00BBDC6A /* Resources */ = {
			isa = PBXResourcesBuildPhase;
			buildActionMask = 2147483647;
			files = (
				937D6662140F393D00BBDC6A /* InfoPlist.strings in Resources */,
				9309755C141273B3001159C4 /* schema.xml in Resources */,
			);
			runOnlyForDeploymentPostprocessing = 0;
		};
		93C1B8C61253B3FE00E437E0 /* Resources */ = {
			isa = PBXResourcesBuildPhase;
			buildActionMask = 2147483647;
			files = (
				937A64481256AA4E00B0D4AC /* ASCIIMathML.js in Resources */,
				93C1B8D11253B3FE00E437E0 /* InfoPlist.strings in Resources */,
				93C1B8D61253B3FE00E437E0 /* MainMenu.xib in Resources */,
				93C1B8D91253B3FE00E437E0 /* Credits.rtf in Resources */,
				93C1B8DF1253B3FE00E437E0 /* ADDocument.xib in Resources */,
				93B3928913E75DD300FD29DD /* rubber.icns in Resources */,
				93152A421406B1AD003E18DA /* ADCodePopoverViewController.xib in Resources */,
				93E71EFB1435120B0013D3B4 /* DocumentIcon.icns in Resources */,
			);
			runOnlyForDeploymentPostprocessing = 0;
		};
/* End PBXResourcesBuildPhase section */

/* Begin PBXRezBuildPhase section */
		9347F935140F14A800CC1AC3 /* Rez */ = {
			isa = PBXRezBuildPhase;
			buildActionMask = 2147483647;
			files = (
			);
			runOnlyForDeploymentPostprocessing = 0;
		};
/* End PBXRezBuildPhase section */

/* Begin PBXSourcesBuildPhase section */
		9329E13A1406787E00CB54EE /* Sources */ = {
			isa = PBXSourcesBuildPhase;
			buildActionMask = 2147483647;
			files = (
				9329E1471406787E00CB54EE /* main.c in Sources */,
			);
			runOnlyForDeploymentPostprocessing = 0;
		};
		9347F931140F14A800CC1AC3 /* Sources */ = {
			isa = PBXSourcesBuildPhase;
			buildActionMask = 2147483647;
			files = (
				9347F947140F14A800CC1AC3 /* GenerateThumbnailForURL.c in Sources */,
				9347F949140F14A800CC1AC3 /* GeneratePreviewForURL.c in Sources */,
				9347F94B140F14A800CC1AC3 /* main.c in Sources */,
				937D6651140F313800BBDC6A /* ADTextAttachment.m in Sources */,
			);
			runOnlyForDeploymentPostprocessing = 0;
		};
		934CFF7A14055AE000C24AFF /* Sources */ = {
			isa = PBXSourcesBuildPhase;
			buildActionMask = 2147483647;
			files = (
				934CFF8714055AE000C24AFF /* main.c in Sources */,
			);
			runOnlyForDeploymentPostprocessing = 0;
		};
		937D6652140F393D00BBDC6A /* Sources */ = {
			isa = PBXSourcesBuildPhase;
			buildActionMask = 2147483647;
			files = (
				937D6664140F393D00BBDC6A /* main.c in Sources */,
				937D6666140F393D00BBDC6A /* GetMetadataForFile.m in Sources */,
				93ADF7BC1412AC6800D4B5DD /* ADTextAttachment.m in Sources */,
			);
			runOnlyForDeploymentPostprocessing = 0;
		};
		93C1B8C41253B3FE00E437E0 /* Sources */ = {
			isa = PBXSourcesBuildPhase;
			buildActionMask = 2147483647;
			files = (
				93C1B8D31253B3FE00E437E0 /* main.m in Sources */,
				93C1B8DC1253B3FE00E437E0 /* ADDocument.m in Sources */,
				93C1B8EC1253B50200E437E0 /* ADDocumentView.m in Sources */,
				937A641E1256A2E900B0D4AC /* ADEquationRenderer.m in Sources */,
				933EF8B0125BEC2F00845394 /* ADTextAttachment.m in Sources */,
				933EF8E5125C113000845394 /* ADTextMungingController.m in Sources */,
				93466DA513F57A56008DEA3B /* ADTextView.m in Sources */,
				93B7C8DC1404126B004D19C4 /* ADCodeController.m in Sources */,
				93152A411406B1AD003E18DA /* ADCodePopoverViewController.m in Sources */,
			);
			runOnlyForDeploymentPostprocessing = 0;
		};
/* End PBXSourcesBuildPhase section */

/* Begin PBXVariantGroup section */
		9329E1421406787E00CB54EE /* InfoPlist.strings */ = {
			isa = PBXVariantGroup;
			children = (
				9329E1431406787E00CB54EE /* en */,
			);
			name = InfoPlist.strings;
			sourceTree = "<group>";
		};
		9347F943140F14A800CC1AC3 /* InfoPlist.strings */ = {
			isa = PBXVariantGroup;
			children = (
				9347F944140F14A800CC1AC3 /* en */,
			);
			name = InfoPlist.strings;
			sourceTree = "<group>";
		};
		934CFF8214055AE000C24AFF /* InfoPlist.strings */ = {
			isa = PBXVariantGroup;
			children = (
				934CFF8314055AE000C24AFF /* en */,
			);
			name = InfoPlist.strings;
			sourceTree = "<group>";
		};
		937D6660140F393D00BBDC6A /* InfoPlist.strings */ = {
			isa = PBXVariantGroup;
			children = (
				937D6661140F393D00BBDC6A /* en */,
			);
			name = InfoPlist.strings;
			sourceTree = "<group>";
		};
		93C1B8CF1253B3FE00E437E0 /* InfoPlist.strings */ = {
			isa = PBXVariantGroup;
			children = (
				93C1B8D01253B3FE00E437E0 /* en */,
			);
			name = InfoPlist.strings;
			sourceTree = "<group>";
		};
		93C1B8D41253B3FE00E437E0 /* MainMenu.xib */ = {
			isa = PBXVariantGroup;
			children = (
				93C1B8D51253B3FE00E437E0 /* en */,
			);
			name = MainMenu.xib;
			sourceTree = "<group>";
		};
		93C1B8D71253B3FE00E437E0 /* Credits.rtf */ = {
			isa = PBXVariantGroup;
			children = (
				93C1B8D81253B3FE00E437E0 /* en */,
			);
			name = Credits.rtf;
			sourceTree = "<group>";
		};
		93C1B8DD1253B3FE00E437E0 /* ADDocument.xib */ = {
			isa = PBXVariantGroup;
			children = (
				93C1B8DE1253B3FE00E437E0 /* en */,
			);
			name = ADDocument.xib;
			sourceTree = "<group>";
		};
/* End PBXVariantGroup section */

/* Begin XCBuildConfiguration section */
		9329E1481406787E00CB54EE /* Debug */ = {
			isa = XCBuildConfiguration;
			buildSettings = {
				ALWAYS_SEARCH_USER_PATHS = NO;
				ARCHS = "$(ARCHS_STANDARD_64_BIT)";
				CODE_SIGN_ENTITLEMENTS = "";
				CODE_SIGN_IDENTITY = "";
				COPY_PHASE_STRIP = NO;
				GCC_DYNAMIC_NO_PIC = NO;
				GCC_ENABLE_OBJC_EXCEPTIONS = YES;
				GCC_PRECOMPILE_PREFIX_HEADER = YES;
				GCC_PREFIX_HEADER = "coderunner/coderunner-Prefix.pch";
				GCC_PREPROCESSOR_DEFINITIONS = (
					"DEBUG=1",
					"$(inherited)",
				);
				GCC_SYMBOLS_PRIVATE_EXTERN = NO;
				GCC_WARN_64_TO_32_BIT_CONVERSION = YES;
				GCC_WARN_ABOUT_MISSING_PROTOTYPES = YES;
				HEADER_SEARCH_PATHS = "";
				INFOPLIST_FILE = "coderunner/coderunner-Info.plist";
				LIBRARY_SEARCH_PATHS = "";
				MACH_O_TYPE = mh_execute;
				OTHER_LDFLAGS = (
					"-framework",
					Foundation,
					"-lobjc",
				);
				PRODUCT_NAME = "stuffediggy.$(TARGET_NAME)";
				WRAPPER_EXTENSION = xpc;
			};
			name = Debug;
		};
		9329E1491406787E00CB54EE /* Release */ = {
			isa = XCBuildConfiguration;
			buildSettings = {
				ALWAYS_SEARCH_USER_PATHS = NO;
				ARCHS = "$(ARCHS_STANDARD_64_BIT)";
				CODE_SIGN_ENTITLEMENTS = "";
				CODE_SIGN_IDENTITY = "";
				COPY_PHASE_STRIP = YES;
				DEBUG_INFORMATION_FORMAT = "dwarf-with-dsym";
				GCC_ENABLE_OBJC_EXCEPTIONS = YES;
				GCC_PRECOMPILE_PREFIX_HEADER = YES;
				GCC_PREFIX_HEADER = "coderunner/coderunner-Prefix.pch";
				GCC_WARN_64_TO_32_BIT_CONVERSION = YES;
				GCC_WARN_ABOUT_MISSING_PROTOTYPES = YES;
				HEADER_SEARCH_PATHS = "";
				INFOPLIST_FILE = "coderunner/coderunner-Info.plist";
				LIBRARY_SEARCH_PATHS = "";
				MACH_O_TYPE = mh_execute;
				OTHER_LDFLAGS = (
					"-framework",
					Foundation,
					"-lobjc",
				);
				PRODUCT_NAME = "stuffediggy.$(TARGET_NAME)";
				WRAPPER_EXTENSION = xpc;
			};
			name = Release;
		};
		9347F94D140F14A800CC1AC3 /* Debug */ = {
			isa = XCBuildConfiguration;
			buildSettings = {
				ALWAYS_SEARCH_USER_PATHS = NO;
				ARCHS = "$(ARCHS_STANDARD_64_BIT)";
				CLANG_ENABLE_OBJC_ARC = NO;
				CODE_SIGN_IDENTITY = "";
				COPY_PHASE_STRIP = NO;
				GCC_DYNAMIC_NO_PIC = NO;
				GCC_ENABLE_OBJC_EXCEPTIONS = YES;
				GCC_PRECOMPILE_PREFIX_HEADER = YES;
				GCC_PREFIX_HEADER = "Rubber Quicklook Plugin/Rubber Quicklook Plugin-Prefix.pch";
				GCC_PREPROCESSOR_DEFINITIONS = (
					"DEBUG=1",
					"$(inherited)",
				);
				GCC_SYMBOLS_PRIVATE_EXTERN = NO;
				GCC_WARN_64_TO_32_BIT_CONVERSION = YES;
				GCC_WARN_ABOUT_MISSING_PROTOTYPES = YES;
				HEADER_SEARCH_PATHS = "";
				INFOPLIST_FILE = "Rubber Quicklook Plugin/Rubber Quicklook Plugin-Info.plist";
				INSTALL_PATH = /Library/QuickLook;
				LIBRARY_SEARCH_PATHS = "";
				OTHER_LDFLAGS = (
					"-framework",
					Foundation,
					"-framework",
					AppKit,
					"-lobjc",
				);
				PRODUCT_NAME = "$(TARGET_NAME)";
				WRAPPER_EXTENSION = qlgenerator;
			};
			name = Debug;
		};
		9347F94E140F14A800CC1AC3 /* Release */ = {
			isa = XCBuildConfiguration;
			buildSettings = {
				ALWAYS_SEARCH_USER_PATHS = NO;
				ARCHS = "$(ARCHS_STANDARD_64_BIT)";
				CLANG_ENABLE_OBJC_ARC = NO;
				CODE_SIGN_IDENTITY = "";
				COPY_PHASE_STRIP = YES;
				DEBUG_INFORMATION_FORMAT = "dwarf-with-dsym";
				GCC_ENABLE_OBJC_EXCEPTIONS = YES;
				GCC_PRECOMPILE_PREFIX_HEADER = YES;
				GCC_PREFIX_HEADER = "Rubber Quicklook Plugin/Rubber Quicklook Plugin-Prefix.pch";
				GCC_WARN_64_TO_32_BIT_CONVERSION = YES;
				GCC_WARN_ABOUT_MISSING_PROTOTYPES = YES;
				HEADER_SEARCH_PATHS = "";
				INFOPLIST_FILE = "Rubber Quicklook Plugin/Rubber Quicklook Plugin-Info.plist";
				INSTALL_PATH = /Library/QuickLook;
				LIBRARY_SEARCH_PATHS = "";
				OTHER_LDFLAGS = (
					"-framework",
					Foundation,
					"-framework",
					AppKit,
					"-lobjc",
				);
				PRODUCT_NAME = "$(TARGET_NAME)";
				WRAPPER_EXTENSION = qlgenerator;
			};
			name = Release;
		};
		934CFF8814055AE000C24AFF /* Debug */ = {
			isa = XCBuildConfiguration;
			buildSettings = {
				ALWAYS_SEARCH_USER_PATHS = NO;
				ARCHS = "$(ARCHS_STANDARD_64_BIT)";
				CODE_SIGN_ENTITLEMENTS = hilite.entitlements;
				CODE_SIGN_IDENTITY = "";
				COPY_PHASE_STRIP = NO;
				FRAMEWORK_SEARCH_PATHS = "";
				GCC_DYNAMIC_NO_PIC = NO;
				GCC_ENABLE_OBJC_EXCEPTIONS = YES;
				GCC_PRECOMPILE_PREFIX_HEADER = YES;
				GCC_PREFIX_HEADER = "hilite/hilite-Prefix.pch";
				GCC_PREPROCESSOR_DEFINITIONS = (
					"DEBUG=1",
					"$(inherited)",
				);
				GCC_SYMBOLS_PRIVATE_EXTERN = NO;
				GCC_WARN_64_TO_32_BIT_CONVERSION = YES;
				GCC_WARN_ABOUT_MISSING_PROTOTYPES = YES;
				HEADER_SEARCH_PATHS = "";
				INFOPLIST_FILE = "hilite/hilite-Info.plist";
				LIBRARY_SEARCH_PATHS = (
					"$(inherited)",
					"\"$(SRCROOT)\"",
				);
				MACH_O_TYPE = mh_execute;
				OTHER_LDFLAGS = (
					"-framework",
					Foundation,
					"-lobjc",
				);
				PRODUCT_NAME = "stuffediggy.$(TARGET_NAME)";
				WRAPPER_EXTENSION = xpc;
			};
			name = Debug;
		};
		934CFF8914055AE000C24AFF /* Release */ = {
			isa = XCBuildConfiguration;
			buildSettings = {
				ALWAYS_SEARCH_USER_PATHS = NO;
				ARCHS = "$(ARCHS_STANDARD_64_BIT)";
				CODE_SIGN_ENTITLEMENTS = hilite.entitlements;
				CODE_SIGN_IDENTITY = "";
				COPY_PHASE_STRIP = YES;
				DEBUG_INFORMATION_FORMAT = "dwarf-with-dsym";
				FRAMEWORK_SEARCH_PATHS = "";
				GCC_ENABLE_OBJC_EXCEPTIONS = YES;
				GCC_PRECOMPILE_PREFIX_HEADER = YES;
				GCC_PREFIX_HEADER = "hilite/hilite-Prefix.pch";
				GCC_WARN_64_TO_32_BIT_CONVERSION = YES;
				GCC_WARN_ABOUT_MISSING_PROTOTYPES = YES;
				HEADER_SEARCH_PATHS = "";
				INFOPLIST_FILE = "hilite/hilite-Info.plist";
				LIBRARY_SEARCH_PATHS = (
					"$(inherited)",
					"\"$(SRCROOT)\"",
				);
				MACH_O_TYPE = mh_execute;
				OTHER_LDFLAGS = (
					"-framework",
					Foundation,
					"-lobjc",
				);
				PRODUCT_NAME = "stuffediggy.$(TARGET_NAME)";
				WRAPPER_EXTENSION = xpc;
			};
			name = Release;
		};
		937D666D140F393D00BBDC6A /* Debug */ = {
			isa = XCBuildConfiguration;
			buildSettings = {
				ALWAYS_SEARCH_USER_PATHS = NO;
				ARCHS = "$(ARCHS_STANDARD_64_BIT)";
				CLANG_ENABLE_OBJC_ARC = NO;
				CODE_SIGN_IDENTITY = "";
				COPY_PHASE_STRIP = NO;
				GCC_DYNAMIC_NO_PIC = NO;
				GCC_ENABLE_OBJC_EXCEPTIONS = YES;
				GCC_PRECOMPILE_PREFIX_HEADER = YES;
				GCC_PREFIX_HEADER = "Rubber Spotlight Importer/Rubber Spotlight Importer-Prefix.pch";
				GCC_PREPROCESSOR_DEFINITIONS = (
					"DEBUG=1",
					"$(inherited)",
				);
				GCC_SYMBOLS_PRIVATE_EXTERN = NO;
				GCC_WARN_64_TO_32_BIT_CONVERSION = YES;
				GCC_WARN_ABOUT_MISSING_PROTOTYPES = YES;
				HEADER_SEARCH_PATHS = "";
				INFOPLIST_FILE = "Rubber Spotlight Importer/Rubber Spotlight Importer-Info.plist";
				INSTALL_PATH = "@executable_path/../Contents/Library/Spotlight";
				LIBRARY_SEARCH_PATHS = "";
				LIBRARY_STYLE = BUNDLE;
				OTHER_LDFLAGS = "";
				PRODUCT_NAME = "$(TARGET_NAME)";
				SKIP_INSTALL = YES;
				WRAPPER_EXTENSION = mdimporter;
			};
			name = Debug;
		};
		937D666E140F393D00BBDC6A /* Release */ = {
			isa = XCBuildConfiguration;
			buildSettings = {
				ALWAYS_SEARCH_USER_PATHS = NO;
				ARCHS = "$(ARCHS_STANDARD_64_BIT)";
				CLANG_ENABLE_OBJC_ARC = NO;
				CODE_SIGN_IDENTITY = "";
				COPY_PHASE_STRIP = YES;
				DEBUG_INFORMATION_FORMAT = "dwarf-with-dsym";
				GCC_ENABLE_OBJC_EXCEPTIONS = YES;
				GCC_PRECOMPILE_PREFIX_HEADER = YES;
				GCC_PREFIX_HEADER = "Rubber Spotlight Importer/Rubber Spotlight Importer-Prefix.pch";
				GCC_WARN_64_TO_32_BIT_CONVERSION = YES;
				GCC_WARN_ABOUT_MISSING_PROTOTYPES = YES;
				HEADER_SEARCH_PATHS = "";
				INFOPLIST_FILE = "Rubber Spotlight Importer/Rubber Spotlight Importer-Info.plist";
				INSTALL_PATH = "@executable_path/../Contents/Library/Spotlight";
				LIBRARY_SEARCH_PATHS = "";
				LIBRARY_STYLE = BUNDLE;
				OTHER_LDFLAGS = "";
				PRODUCT_NAME = "$(TARGET_NAME)";
				SKIP_INSTALL = YES;
				WRAPPER_EXTENSION = mdimporter;
			};
			name = Release;
		};
		93C1B8E01253B3FE00E437E0 /* Debug */ = {
			isa = XCBuildConfiguration;
			buildSettings = {
				ARCHS = "$(ARCHS_STANDARD_32_64_BIT)";
				CLANG_ENABLE_OBJC_ARC = YES;
				GCC_C_LANGUAGE_STANDARD = gnu99;
				GCC_ENABLE_OBJC_GC = unsupported;
				GCC_OPTIMIZATION_LEVEL = 0;
				GCC_PREPROCESSOR_DEFINITIONS = DEBUG;
				GCC_VERSION = com.apple.compilers.llvm.clang.1_0;
				GCC_WARN_ABOUT_RETURN_TYPE = YES;
				GCC_WARN_UNUSED_VARIABLE = YES;
				HEADER_SEARCH_PATHS = "";
				LIBRARY_SEARCH_PATHS = "";
				MACOSX_DEPLOYMENT_TARGET = 10.7;
				ONLY_ACTIVE_ARCH = YES;
				OTHER_LDFLAGS = "";
				SDKROOT = macosx;
			};
			name = Debug;
		};
		93C1B8E11253B3FE00E437E0 /* Release */ = {
			isa = XCBuildConfiguration;
			buildSettings = {
				ARCHS = "$(ARCHS_STANDARD_32_64_BIT)";
				CLANG_ENABLE_OBJC_ARC = YES;
				GCC_C_LANGUAGE_STANDARD = gnu99;
				GCC_ENABLE_OBJC_GC = unsupported;
				GCC_VERSION = com.apple.compilers.llvm.clang.1_0;
				GCC_WARN_ABOUT_RETURN_TYPE = YES;
				GCC_WARN_UNUSED_VARIABLE = YES;
				HEADER_SEARCH_PATHS = "";
				LIBRARY_SEARCH_PATHS = "";
				MACOSX_DEPLOYMENT_TARGET = 10.7;
				OTHER_LDFLAGS = "";
				SDKROOT = macosx;
			};
			name = Release;
		};
		93C1B8E31253B3FE00E437E0 /* Debug */ = {
			isa = XCBuildConfiguration;
			buildSettings = {
				ALWAYS_SEARCH_USER_PATHS = NO;
				ARCHS = "$(ARCHS_STANDARD_64_BIT)";
				CLANG_ENABLE_OBJC_ARC = YES;
				CODE_SIGN_ENTITLEMENTS = Rubber.entitlements;
				CODE_SIGN_IDENTITY = "";
				COPY_PHASE_STRIP = NO;
				FRAMEWORK_SEARCH_PATHS = (
					"$(inherited)",
					"\"$(SRCROOT)\"",
				);
				GCC_DYNAMIC_NO_PIC = NO;
				GCC_ENABLE_OBJC_EXCEPTIONS = YES;
				GCC_ENABLE_OBJC_GC = unsupported;
				GCC_MODEL_TUNING = G5;
				GCC_PRECOMPILE_PREFIX_HEADER = YES;
				GCC_PREFIX_HEADER = Rubber_Prefix.pch;
				INFOPLIST_FILE = "Rubber-Info.plist";
				INSTALL_PATH = "$(HOME)/Applications";
				LIBRARY_SEARCH_PATHS = (
					/usr/local,
					"$(inherited)",
					"\"$(SRCROOT)\"",
					"\"$(SDKROOT)/usr/lib/system\"",
				);
				MACOSX_DEPLOYMENT_TARGET = 10.7;
				OTHER_LDFLAGS = "";
				PRODUCT_NAME = Rubber;
				SDKROOT = macosx;
				USER_HEADER_SEARCH_PATHS = "";
				WRAPPER_EXTENSION = app;
			};
			name = Debug;
		};
		93C1B8E41253B3FE00E437E0 /* Release */ = {
			isa = XCBuildConfiguration;
			buildSettings = {
				ALWAYS_SEARCH_USER_PATHS = NO;
				ARCHS = "$(ARCHS_STANDARD_64_BIT)";
				CLANG_ENABLE_OBJC_ARC = YES;
				CODE_SIGN_ENTITLEMENTS = Rubber.entitlements;
				CODE_SIGN_IDENTITY = "";
				COPY_PHASE_STRIP = YES;
				DEBUG_INFORMATION_FORMAT = "dwarf-with-dsym";
				FRAMEWORK_SEARCH_PATHS = (
					"$(inherited)",
					"\"$(SRCROOT)\"",
				);
				GCC_ENABLE_OBJC_EXCEPTIONS = YES;
				GCC_ENABLE_OBJC_GC = unsupported;
				GCC_MODEL_TUNING = G5;
				GCC_PRECOMPILE_PREFIX_HEADER = YES;
				GCC_PREFIX_HEADER = Rubber_Prefix.pch;
				INFOPLIST_FILE = "Rubber-Info.plist";
				INSTALL_PATH = "$(HOME)/Applications";
				LIBRARY_SEARCH_PATHS = (
					/usr/local,
					"$(inherited)",
					"\"$(SRCROOT)\"",
					"\"$(SDKROOT)/usr/lib/system\"",
				);
				MACOSX_DEPLOYMENT_TARGET = 10.7;
				OTHER_LDFLAGS = "";
				PRODUCT_NAME = Rubber;
				SDKROOT = macosx;
				USER_HEADER_SEARCH_PATHS = "";
				WRAPPER_EXTENSION = app;
			};
			name = Release;
		};
/* End XCBuildConfiguration section */

/* Begin XCConfigurationList section */
		9329E14A1406787E00CB54EE /* Build configuration list for PBXNativeTarget "coderunner" */ = {
			isa = XCConfigurationList;
			buildConfigurations = (
				9329E1481406787E00CB54EE /* Debug */,
				9329E1491406787E00CB54EE /* Release */,
			);
			defaultConfigurationIsVisible = 0;
			defaultConfigurationName = Release;
		};
		9347F94F140F14A800CC1AC3 /* Build configuration list for PBXNativeTarget "Rubber Quicklook Plugin" */ = {
			isa = XCConfigurationList;
			buildConfigurations = (
				9347F94D140F14A800CC1AC3 /* Debug */,
				9347F94E140F14A800CC1AC3 /* Release */,
			);
			defaultConfigurationIsVisible = 0;
			defaultConfigurationName = Release;
		};
		934CFF8A14055AE000C24AFF /* Build configuration list for PBXNativeTarget "hilite" */ = {
			isa = XCConfigurationList;
			buildConfigurations = (
				934CFF8814055AE000C24AFF /* Debug */,
				934CFF8914055AE000C24AFF /* Release */,
			);
			defaultConfigurationIsVisible = 0;
			defaultConfigurationName = Release;
		};
		937D666C140F393D00BBDC6A /* Build configuration list for PBXNativeTarget "Rubber Spotlight Importer" */ = {
			isa = XCConfigurationList;
			buildConfigurations = (
				937D666D140F393D00BBDC6A /* Debug */,
				937D666E140F393D00BBDC6A /* Release */,
			);
			defaultConfigurationIsVisible = 0;
			defaultConfigurationName = Release;
		};
		93C1B8BE1253B3FE00E437E0 /* Build configuration list for PBXProject "Rubber" */ = {
			isa = XCConfigurationList;
			buildConfigurations = (
				93C1B8E01253B3FE00E437E0 /* Debug */,
				93C1B8E11253B3FE00E437E0 /* Release */,
			);
			defaultConfigurationIsVisible = 0;
			defaultConfigurationName = Release;
		};
		93C1B8E21253B3FE00E437E0 /* Build configuration list for PBXNativeTarget "Rubber" */ = {
			isa = XCConfigurationList;
			buildConfigurations = (
				93C1B8E31253B3FE00E437E0 /* Debug */,
				93C1B8E41253B3FE00E437E0 /* Release */,
			);
			defaultConfigurationIsVisible = 0;
			defaultConfigurationName = Release;
		};
/* End XCConfigurationList section */
	};
	rootObject = 93C1B8BB1253B3FE00E437E0 /* Project object */;
}
